
Microsoft Visual Studio Solution File, Format Version 12.00
# Visual Studio Version 17
VisualStudioVersion = 17.5.002.0
MinimumVisualStudioVersion = 10.0.40219.1
Project("{9A19103F-16F7-4668-BE54-9A1E7A4F7556}") = "TEsting", "TEsting.csproj", "{6B901A37-8DF0-40D7-B085-EFB9E239B353}"
EndProject
Global
	GlobalSection(SolutionConfigurationPlatforms) = preSolution
		Debug|Any CPU = Debug|Any CPU
		Release|Any CPU = Release|Any CPU
	EndGlobalSection
	GlobalSection(ProjectConfigurationPlatforms) = postSolution
		{6B901A37-8DF0-40D7-B085-EFB9E239B353}.Debug|Any CPU.ActiveCfg = Debug|Any CPU
		{6B901A37-8DF0-40D7-B085-EFB9E239B353}.Debug|Any CPU.Build.0 = Debug|Any CPU
		{6B901A37-8DF0-40D7-B085-EFB9E239B353}.Release|Any CPU.ActiveCfg = Release|Any CPU
		{6B901A37-8DF0-40D7-B085-EFB9E239B353}.Release|Any CPU.Build.0 = Release|Any CPU
	EndGlobalSection
	GlobalSection(SolutionProperties) = preSolution
		HideSolutionNode = FALSE
	EndGlobalSection
	GlobalSection(ExtensibilityGlobals) = postSolution
		SolutionGuid = {3F1D2379-ABB4-459F-BB73-15602A42F45A}
	EndGlobalSection
EndGlobal
